{
  "nodes": {
    "home-manager-stable": {
      "inputs": {
        "nixpkgs": [
          "nixpkgs-stable"
        ]
      },
      "locked": {
        "lastModified": 1756679287,
        "narHash": "sha256-Xd1vOeY9ccDf5VtVK12yM0FS6qqvfUop8UQlxEB+gTQ=",
        "owner": "nix-community",
        "repo": "home-manager",
        "rev": "07fc025fe10487dd80f2ec694f1cd790e752d0e8",
        "type": "github"
      },
      "original": {
        "owner": "nix-community",
        "ref": "release-25.05",
        "repo": "home-manager",
        "type": "github"
      }
    },
    "home-manager-unstable": {
      "inputs": {
        "nixpkgs": [
          "nixpkgs-unstable"
        ]
      },
      "locked": {
        "lastModified": 1757698511,
        "narHash": "sha256-UqHHGydF/q3jfYXCpvYLA0TWtvByOp1NwOKCUjhYmPs=",
        "owner": "nix-community",
        "repo": "home-manager",
        "rev": "a3fcc92180c7462082cd849498369591dfb20855",
        "type": "github"
      },
      "original": {
        "owner": "nix-community",
        "repo": "home-manager",
        "type": "github"
      }
    },
    "nix-darwin": {
      "inputs": {
        "nixpkgs": [
          "nixpkgs-unstable"
        ]
      },
      "locked": {
        "lastModified": 1757430124,
        "narHash": "sha256-MhDltfXesGH8VkGv3hmJ1QEKl1ChTIj9wmGAFfWj/Wk=",
        "owner": "nix-darwin",
        "repo": "nix-darwin",
        "rev": "830b3f0b50045cf0bcfd4dab65fad05bf882e196",
        "type": "github"
      },
      "original": {
        "owner": "nix-darwin",
        "ref": "master",
        "repo": "nix-darwin",
        "type": "github"
      }
    },
    "nix-index-database": {
      "inputs": {
        "nixpkgs": [
          "nixpkgs-unstable"
        ]
      },
      "locked": {
        "lastModified": 1757218147,
        "narHash": "sha256-IwOwN70HvoBNB2ckaROxcaCvj5NudNc52taPsv5wtLk=",
        "owner": "nix-community",
        "repo": "nix-index-database",
        "rev": "9b144dc3ef6e42b888c4190e02746aab13b0e97f",
        "type": "github"
      },
      "original": {
        "owner": "nix-community",
        "repo": "nix-index-database",
        "type": "github"
      }
    },
    "nixpkgs-stable": {
      "locked": {
        "lastModified": 1757545623,
        "narHash": "sha256-mCxPABZ6jRjUQx3bPP4vjA68ETbPLNz9V2pk9tO7pRQ=",
        "owner": "NixOS",
        "repo": "nixpkgs",
        "rev": "8cd5ce828d5d1d16feff37340171a98fc3bf6526",
        "type": "github"
      },
      "original": {
        "id": "nixpkgs",
        "ref": "nixos-25.05",
        "type": "indirect"
      }
    },
    "nixpkgs-unstable": {
      "locked": {
        "lastModified": 1757746433,
        "narHash": "sha256-fEvTiU4s9lWgW7mYEU/1QUPirgkn+odUBTaindgiziY=",
        "owner": "NixOS",
        "repo": "nixpkgs",
        "rev": "6d7ec06d6868ac6d94c371458fc2391ded9ff13d",
        "type": "github"
      },
      "original": {
        "id": "nixpkgs",
        "ref": "nixpkgs-unstable",
        "type": "indirect"
      }
    },
    "root": {
      "inputs": {
        "home-manager-stable": "home-manager-stable",
        "home-manager-unstable": "home-manager-unstable",
        "nix-darwin": "nix-darwin",
        "nix-index-database": "nix-index-database",
        "nixpkgs-stable": "nixpkgs-stable",
        "nixpkgs-unstable": "nixpkgs-unstable",
        "sops-nix": "sops-nix"
      }
    },
    "sops-nix": {
      "inputs": {
        "nixpkgs": [
          "nixpkgs-unstable"
        ]
      },
      "locked": {
        "lastModified": 1757503115,
        "narHash": "sha256-S9F6bHUBh+CFEUalv/qxNImRapCxvSnOzWBUZgK1zDU=",
        "owner": "Mic92",
        "repo": "sops-nix",
        "rev": "0bf793823386187dff101ee2a9d4ed26de8bbf8c",
        "type": "github"
      },
      "original": {
        "owner": "Mic92",
        "repo": "sops-nix",
        "type": "github"
      }
    }
  },
  "root": "root",
  "version": 7
}
